
Microsoft Visual Studio Solution File, Format Version 12.00
# Visual Studio Version 17
VisualStudioVersion = 17.9.34622.214
MinimumVisualStudioVersion = 10.0.40219.1
Project("{9A19103F-16F7-4668-BE54-9A1E7A4F7556}") = "BankingApi", "BankingApi\BankingApi.csproj", "{69CF9004-1C5F-4D41-9D74-5213D7E906AE}"
EndProject
Project("{FAE04EC0-301F-11D3-BF4B-00C04F79EFBC}") = "BankingAPI.Tester", "BankingAPI.Tester\BankingAPI.Tester.csproj", "{FC8F7EE0-5227-40EB-AAB8-A6FA77DCEFB9}"
EndProject
Global
	GlobalSection(SolutionConfigurationPlatforms) = preSolution
		Debug|Any CPU = Debug|Any CPU
		Release|Any CPU = Release|Any CPU
	EndGlobalSection
	GlobalSection(ProjectConfigurationPlatforms) = postSolution
		{69CF9004-1C5F-4D41-9D74-5213D7E906AE}.Debug|Any CPU.ActiveCfg = Debug|Any CPU
		{69CF9004-1C5F-4D41-9D74-5213D7E906AE}.Debug|Any CPU.Build.0 = Debug|Any CPU
		{69CF9004-1C5F-4D41-9D74-5213D7E906AE}.Release|Any CPU.ActiveCfg = Release|Any CPU
		{69CF9004-1C5F-4D41-9D74-5213D7E906AE}.Release|Any CPU.Build.0 = Release|Any CPU
		{FC8F7EE0-5227-40EB-AAB8-A6FA77DCEFB9}.Debug|Any CPU.ActiveCfg = Debug|Any CPU
		{FC8F7EE0-5227-40EB-AAB8-A6FA77DCEFB9}.Debug|Any CPU.Build.0 = Debug|Any CPU
		{FC8F7EE0-5227-40EB-AAB8-A6FA77DCEFB9}.Release|Any CPU.ActiveCfg = Release|Any CPU
		{FC8F7EE0-5227-40EB-AAB8-A6FA77DCEFB9}.Release|Any CPU.Build.0 = Release|Any CPU
	EndGlobalSection
	GlobalSection(SolutionProperties) = preSolution
		HideSolutionNode = FALSE
	EndGlobalSection
	GlobalSection(ExtensibilityGlobals) = postSolution
		SolutionGuid = {63DD9AF3-0E91-4247-9F00-BF92A11CBA25}
	EndGlobalSection
EndGlobal
